<?xml version="1.0" encoding="utf-8"?>
<Project ToolsVersion="4.0" xmlns="http://schemas.microsoft.com/developer/msbuild/2003">
  <ItemGroup>
    <Filter Include="Source Files">
      <UniqueIdentifier>{4FC737F1-C7A5-4376-A066-2A32D752A2FF}</UniqueIdentifier>
      <Extensions>cpp;c;cc;cxx;def;odl;idl;hpj;bat;asm;asmx</Extensions>
    </Filter>
    <Filter Include="Header Files">
      <UniqueIdentifier>{93995380-89BD-4b04-88EB-625FBE52EBFB}</UniqueIdentifier>
      <Extensions>h;hh;hpp;hxx;hm;inl;inc;xsd</Extensions>
    </Filter>
    <Filter Include="Resource Files">
      <UniqueIdentifier>{67DA6AB6-F800-4c08-8B7A-83BB121AAD01}</UniqueIdentifier>
      <Extensions>rc;ico;cur;bmp;dlg;rc2;rct;bin;rgs;gif;jpg;jpeg;jpe;resx;tiff;tif;png;wav;mfcribbon-ms</Extensions>
    </Filter>
    <Filter Include="_core">
      <UniqueIdentifier>{61cff287-6853-4085-95f1-1656e3410932}</UniqueIdentifier>
    </Filter>
    <Filter Include="_core\libb64">
      <UniqueIdentifier>{44225e0c-99ca-4c98-b0fc-f5c468519790}</UniqueIdentifier>
    </Filter>
    <Filter Include="_core\spiffs">
      <UniqueIdentifier>{0900f922-cd27-460b-bb45-60fd8fd027ef}</UniqueIdentifier>
    </Filter>
    <Filter Include="_libraries">
      <UniqueIdentifier>{312ab18d-d925-4e73-9873-fd2732ec33fe}</UniqueIdentifier>
    </Filter>
    <Filter Include="_libraries\arduino_148026">
      <UniqueIdentifier>{1533ad92-8e22-4909-982e-79487ed07fbb}</UniqueIdentifier>
    </Filter>
    <Filter Include="_libraries\ArduinoJson">
      <UniqueIdentifier>{6818903a-33c3-48ac-95f3-ca41017bf0af}</UniqueIdentifier>
    </Filter>
    <Filter Include="_libraries\ArduinoJson\src">
      <UniqueIdentifier>{2cab7fae-efa0-4cc9-aedf-4c0c0e6a2e03}</UniqueIdentifier>
    </Filter>
    <Filter Include="_libraries\ArduinoJson\src\Arduino">
      <UniqueIdentifier>{738ec42f-590a-4d00-9165-805f6a753c38}</UniqueIdentifier>
    </Filter>
    <Filter Include="_libraries\ArduinoJson\src\Internals">
      <UniqueIdentifier>{ee613cb9-5f83-4081-8133-4e1e77438134}</UniqueIdentifier>
    </Filter>
    <Filter Include="_libraries\CCostLib">
      <UniqueIdentifier>{18218ce9-2700-456c-a26f-fc806702ac00}</UniqueIdentifier>
    </Filter>
    <Filter Include="_libraries\CCostLib\src">
      <UniqueIdentifier>{067f0f48-1ae7-4ef2-b7dd-67ec42ec9b1e}</UniqueIdentifier>
    </Filter>
    <Filter Include="_libraries\ESP8266WebServer">
      <UniqueIdentifier>{4cd96212-14ef-4629-a16e-28de174ddf58}</UniqueIdentifier>
    </Filter>
    <Filter Include="_libraries\ESP8266WebServer\src">
      <UniqueIdentifier>{10eb4cb9-fff4-428c-807d-81a184f984fb}</UniqueIdentifier>
    </Filter>
    <Filter Include="_libraries\ESP8266WebServer\src\detail">
      <UniqueIdentifier>{0df61324-a2de-4d9f-8a36-d803dd99fd71}</UniqueIdentifier>
    </Filter>
    <Filter Include="_libraries\ESP8266WiFi">
      <UniqueIdentifier>{4072ab02-31f8-46b7-b4a8-0f3897eda3e8}</UniqueIdentifier>
    </Filter>
    <Filter Include="_libraries\ESP8266WiFi\src">
      <UniqueIdentifier>{3ed6a428-ca6f-434f-a28a-a54bceb3d93d}</UniqueIdentifier>
    </Filter>
    <Filter Include="_libraries\ESP8266WiFi\src\arch">
      <UniqueIdentifier>{17778b1f-4a6b-451c-aa8c-1acfde4ea3eb}</UniqueIdentifier>
    </Filter>
    <Filter Include="_libraries\ESP8266WiFi\src\include">
      <UniqueIdentifier>{c49367ac-d803-4d54-9345-6609212e932c}</UniqueIdentifier>
    </Filter>
    <Filter Include="_libraries\ESP8266WiFi\src\lwip">
      <UniqueIdentifier>{7db4bb9d-56b1-40eb-a0b2-f96f337fde94}</UniqueIdentifier>
    </Filter>
    <Filter Include="_libraries\espsoftwareserial-master">
      <UniqueIdentifier>{39acd2f7-5ce5-4db0-985b-c576f6187ff3}</UniqueIdentifier>
    </Filter>
    <Filter Include="_libraries\NTPClient">
      <UniqueIdentifier>{9ced4634-005d-49a6-9d1c-35750662af29}</UniqueIdentifier>
    </Filter>
    <Filter Include="_libraries\NTPClient\src">
      <UniqueIdentifier>{30f29f97-ea5b-429d-8df6-5242b71372c6}</UniqueIdentifier>
    </Filter>
    <Filter Include="_libraries\Ticker">
      <UniqueIdentifier>{367e99e5-b367-4e3f-93a5-bd824c20ac5f}</UniqueIdentifier>
    </Filter>
    <Filter Include="_libraries\TimeAlarms">
      <UniqueIdentifier>{120dad48-e369-45c3-a0b2-cb3357a33817}</UniqueIdentifier>
    </Filter>
  </ItemGroup>
  <ItemGroup>
    <None Include="CurrentCost.ino" />
    <None Include="data\config.json">
      <Filter>Resource Files</Filter>
    </None>
    <None Include="data\kwh.json">
      <Filter>Resource Files</Filter>
    </None>
    <None Include="C:\Program Files (x86)\Arduino\hardware\esp8266com\esp8266\cores\esp8266\cont.S">
      <Filter>_core</Filter>
    </None>
  </ItemGroup>
  <ItemGroup>
    <ClInclude Include="__vm\.CurrentCost.vsarduino.h">
      <Filter>Header Files</Filter>
    </ClInclude>
    <ClInclude Include="global.h">
      <Filter>Header Files</Filter>
    </ClInclude>
    <ClInclude Include="helpers.h">
      <Filter>Header Files</Filter>
    </ClInclude>
    <ClInclude Include="Page_Admin.h">
      <Filter>Header Files</Filter>
    </ClInclude>
    <ClInclude Include="Page_Script.js.h">
      <Filter>Header Files</Filter>
    </ClInclude>
    <ClInclude Include="Page_Style.css.h">
      <Filter>Header Files</Filter>
    </ClInclude>
    <ClInclude Include="src\_micro-api\libraries\CCostLib\src\CCostLib.h">
      <Filter>Header Files</Filter>
    </ClInclude>
    <ClInclude Include="Page_NetworkConfiguration.h">
      <Filter>Header Files</Filter>
    </ClInclude>
    <ClInclude Include="C:\Program Files (x86)\Arduino\hardware\esp8266com\esp8266\cores\esp8266\Arduino.h">
      <Filter>_core</Filter>
    </ClInclude>
    <ClInclude Include="C:\Program Files (x86)\Arduino\hardware\esp8266com\esp8266\cores\esp8266\base64.h">
      <Filter>_core</Filter>
    </ClInclude>
    <ClInclude Include="C:\Program Files (x86)\Arduino\hardware\esp8266com\esp8266\cores\esp8266\binary.h">
      <Filter>_core</Filter>
    </ClInclude>
    <ClInclude Include="C:\Program Files (x86)\Arduino\hardware\esp8266com\esp8266\cores\esp8266\cbuf.h">
      <Filter>_core</Filter>
    </ClInclude>
    <ClInclude Include="C:\Program Files (x86)\Arduino\hardware\esp8266com\esp8266\cores\esp8266\Client.h">
      <Filter>_core</Filter>
    </ClInclude>
    <ClInclude Include="C:\Program Files (x86)\Arduino\hardware\esp8266com\esp8266\cores\esp8266\cont.h">
      <Filter>_core</Filter>
    </ClInclude>
    <ClInclude Include="C:\Program Files (x86)\Arduino\hardware\esp8266com\esp8266\cores\esp8266\core_esp8266_features.h">
      <Filter>_core</Filter>
    </ClInclude>
    <ClInclude Include="C:\Program Files (x86)\Arduino\hardware\esp8266com\esp8266\cores\esp8266\debug.h">
      <Filter>_core</Filter>
    </ClInclude>
    <ClInclude Include="C:\Program Files (x86)\Arduino\hardware\esp8266com\esp8266\cores\esp8266\eboot_command.h">
      <Filter>_core</Filter>
    </ClInclude>
    <ClInclude Include="C:\Program Files (x86)\Arduino\hardware\esp8266com\esp8266\cores\esp8266\Esp.h">
      <Filter>_core</Filter>
    </ClInclude>
    <ClInclude Include="C:\Program Files (x86)\Arduino\hardware\esp8266com\esp8266\cores\esp8266\esp8266_peri.h">
      <Filter>_core</Filter>
    </ClInclude>
    <ClInclude Include="C:\Program Files (x86)\Arduino\hardware\esp8266com\esp8266\cores\esp8266\flash_utils.h">
      <Filter>_core</Filter>
    </ClInclude>
    <ClInclude Include="C:\Program Files (x86)\Arduino\hardware\esp8266com\esp8266\cores\esp8266\FS.h">
      <Filter>_core</Filter>
    </ClInclude>
    <ClInclude Include="C:\Program Files (x86)\Arduino\hardware\esp8266com\esp8266\cores\esp8266\FSImpl.h">
      <Filter>_core</Filter>
    </ClInclude>
    <ClInclude Include="C:\Program Files (x86)\Arduino\hardware\esp8266com\esp8266\cores\esp8266\HardwareSerial.h">
      <Filter>_core</Filter>
    </ClInclude>
    <ClInclude Include="C:\Program Files (x86)\Arduino\hardware\esp8266com\esp8266\cores\esp8266\i2s.h">
      <Filter>_core</Filter>
    </ClInclude>
    <ClInclude Include="C:\Program Files (x86)\Arduino\hardware\esp8266com\esp8266\cores\esp8266\interrupts.h">
      <Filter>_core</Filter>
    </ClInclude>
    <ClInclude Include="C:\Program Files (x86)\Arduino\hardware\esp8266com\esp8266\cores\esp8266\IPAddress.h">
      <Filter>_core</Filter>
    </ClInclude>
    <ClInclude Include="C:\Program Files (x86)\Arduino\hardware\esp8266com\esp8266\cores\esp8266\md5.h">
      <Filter>_core</Filter>
    </ClInclude>
    <ClInclude Include="C:\Program Files (x86)\Arduino\hardware\esp8266com\esp8266\cores\esp8266\MD5Builder.h">
      <Filter>_core</Filter>
    </ClInclude>
    <ClInclude Include="C:\Program Files (x86)\Arduino\hardware\esp8266com\esp8266\cores\esp8266\pgmspace.h">
      <Filter>_core</Filter>
    </ClInclude>
    <ClInclude Include="C:\Program Files (x86)\Arduino\hardware\esp8266com\esp8266\cores\esp8266\Print.h">
      <Filter>_core</Filter>
    </ClInclude>
    <ClInclude Include="C:\Program Files (x86)\Arduino\hardware\esp8266com\esp8266\cores\esp8266\Printable.h">
      <Filter>_core</Filter>
    </ClInclude>
    <ClInclude Include="C:\Program Files (x86)\Arduino\hardware\esp8266com\esp8266\cores\esp8266\Server.h">
      <Filter>_core</Filter>
    </ClInclude>
    <ClInclude Include="C:\Program Files (x86)\Arduino\hardware\esp8266com\esp8266\cores\esp8266\sigma_delta.h">
      <Filter>_core</Filter>
    </ClInclude>
    <ClInclude Include="C:\Program Files (x86)\Arduino\hardware\esp8266com\esp8266\cores\esp8266\stdlib_noniso.h">
      <Filter>_core</Filter>
    </ClInclude>
    <ClInclude Include="C:\Program Files (x86)\Arduino\hardware\esp8266com\esp8266\cores\esp8266\Stream.h">
      <Filter>_core</Filter>
    </ClInclude>
    <ClInclude Include="C:\Program Files (x86)\Arduino\hardware\esp8266com\esp8266\cores\esp8266\StreamString.h">
      <Filter>_core</Filter>
    </ClInclude>
    <ClInclude Include="C:\Program Files (x86)\Arduino\hardware\esp8266com\esp8266\cores\esp8266\twi.h">
      <Filter>_core</Filter>
    </ClInclude>
    <ClInclude Include="C:\Program Files (x86)\Arduino\hardware\esp8266com\esp8266\cores\esp8266\Udp.h">
      <Filter>_core</Filter>
    </ClInclude>
    <ClInclude Include="C:\Program Files (x86)\Arduino\hardware\esp8266com\esp8266\cores\esp8266\Updater.h">
      <Filter>_core</Filter>
    </ClInclude>
    <ClInclude Include="C:\Program Files (x86)\Arduino\hardware\esp8266com\esp8266\cores\esp8266\user_config.h">
      <Filter>_core</Filter>
    </ClInclude>
    <ClInclude Include="C:\Program Files (x86)\Arduino\hardware\esp8266com\esp8266\cores\esp8266\WCharacter.h">
      <Filter>_core</Filter>
    </ClInclude>
    <ClInclude Include="C:\Program Files (x86)\Arduino\hardware\esp8266com\esp8266\cores\esp8266\wiring_private.h">
      <Filter>_core</Filter>
    </ClInclude>
    <ClInclude Include="C:\Program Files (x86)\Arduino\hardware\esp8266com\esp8266\cores\esp8266\WString.h">
      <Filter>_core</Filter>
    </ClInclude>
    <ClInclude Include="C:\Program Files (x86)\Arduino\hardware\esp8266com\esp8266\cores\esp8266\libb64\cdecode.h">
      <Filter>_core\libb64</Filter>
    </ClInclude>
    <ClInclude Include="C:\Program Files (x86)\Arduino\hardware\esp8266com\esp8266\cores\esp8266\libb64\cencode.h">
      <Filter>_core\libb64</Filter>
    </ClInclude>
    <ClInclude Include="C:\Program Files (x86)\Arduino\hardware\esp8266com\esp8266\cores\esp8266\spiffs\spiffs.h">
      <Filter>_core\spiffs</Filter>
    </ClInclude>
    <ClInclude Include="C:\Program Files (x86)\Arduino\hardware\esp8266com\esp8266\cores\esp8266\spiffs\spiffs_config.h">
      <Filter>_core\spiffs</Filter>
    </ClInclude>
    <ClInclude Include="C:\Program Files (x86)\Arduino\hardware\esp8266com\esp8266\cores\esp8266\spiffs\spiffs_nucleus.h">
      <Filter>_core\spiffs</Filter>
    </ClInclude>
    <ClInclude Include="C:\Program Files (x86)\Arduino\hardware\esp8266com\esp8266\variants\generic\pins_arduino.h">
      <Filter>_core</Filter>
    </ClInclude>
    <ClInclude Include="C:\Users\Martin_G\Documents\Arduino\libraries\arduino_148026\Time2.h">
      <Filter>_libraries\arduino_148026</Filter>
    </ClInclude>
    <ClInclude Include="C:\Users\Martin_G\Documents\Arduino\libraries\ArduinoJson\src\ArduinoJson.h">
      <Filter>_libraries\ArduinoJson\src</Filter>
    </ClInclude>
    <ClInclude Include="C:\Program Files (x86)\Arduino\hardware\esp8266com\esp8266\libraries\ESP8266WebServer\src\ESP8266WebServer.h">
      <Filter>_libraries\ESP8266WebServer\src</Filter>
    </ClInclude>
    <ClInclude Include="C:\Program Files (x86)\Arduino\hardware\esp8266com\esp8266\libraries\ESP8266WebServer\src\detail\RequestHandler.h">
      <Filter>_libraries\ESP8266WebServer\src\detail</Filter>
    </ClInclude>
    <ClInclude Include="C:\Program Files (x86)\Arduino\hardware\esp8266com\esp8266\libraries\ESP8266WebServer\src\detail\RequestHandlersImpl.h">
      <Filter>_libraries\ESP8266WebServer\src\detail</Filter>
    </ClInclude>
    <ClInclude Include="C:\Program Files (x86)\Arduino\hardware\esp8266com\esp8266\libraries\ESP8266WiFi\src\ESP8266WiFi.h">
      <Filter>_libraries\ESP8266WiFi\src</Filter>
    </ClInclude>
    <ClInclude Include="C:\Program Files (x86)\Arduino\hardware\esp8266com\esp8266\libraries\ESP8266WiFi\src\ESP8266WiFiAP.h">
      <Filter>_libraries\ESP8266WiFi\src</Filter>
    </ClInclude>
    <ClInclude Include="C:\Program Files (x86)\Arduino\hardware\esp8266com\esp8266\libraries\ESP8266WiFi\src\ESP8266WiFiGeneric.h">
      <Filter>_libraries\ESP8266WiFi\src</Filter>
    </ClInclude>
    <ClInclude Include="C:\Program Files (x86)\Arduino\hardware\esp8266com\esp8266\libraries\ESP8266WiFi\src\ESP8266WiFiMulti.h">
      <Filter>_libraries\ESP8266WiFi\src</Filter>
    </ClInclude>
    <ClInclude Include="C:\Program Files (x86)\Arduino\hardware\esp8266com\esp8266\libraries\ESP8266WiFi\src\ESP8266WiFiScan.h">
      <Filter>_libraries\ESP8266WiFi\src</Filter>
    </ClInclude>
    <ClInclude Include="C:\Program Files (x86)\Arduino\hardware\esp8266com\esp8266\libraries\ESP8266WiFi\src\ESP8266WiFiSTA.h">
      <Filter>_libraries\ESP8266WiFi\src</Filter>
    </ClInclude>
    <ClInclude Include="C:\Program Files (x86)\Arduino\hardware\esp8266com\esp8266\libraries\ESP8266WiFi\src\ESP8266WiFiType.h">
      <Filter>_libraries\ESP8266WiFi\src</Filter>
    </ClInclude>
    <ClInclude Include="C:\Program Files (x86)\Arduino\hardware\esp8266com\esp8266\libraries\ESP8266WiFi\src\WiFiClient.h">
      <Filter>_libraries\ESP8266WiFi\src</Filter>
    </ClInclude>
    <ClInclude Include="C:\Program Files (x86)\Arduino\hardware\esp8266com\esp8266\libraries\ESP8266WiFi\src\WiFiClientSecure.h">
      <Filter>_libraries\ESP8266WiFi\src</Filter>
    </ClInclude>
    <ClInclude Include="C:\Program Files (x86)\Arduino\hardware\esp8266com\esp8266\libraries\ESP8266WiFi\src\WiFiServer.h">
      <Filter>_libraries\ESP8266WiFi\src</Filter>
    </ClInclude>
    <ClInclude Include="C:\Program Files (x86)\Arduino\hardware\esp8266com\esp8266\libraries\ESP8266WiFi\src\WiFiUdp.h">
      <Filter>_libraries\ESP8266WiFi\src</Filter>
    </ClInclude>
    <ClInclude Include="C:\Program Files (x86)\Arduino\hardware\esp8266com\esp8266\libraries\ESP8266WiFi\src\arch\cc.h">
      <Filter>_libraries\ESP8266WiFi\src\arch</Filter>
    </ClInclude>
    <ClInclude Include="C:\Program Files (x86)\Arduino\hardware\esp8266com\esp8266\libraries\ESP8266WiFi\src\arch\perf.h">
      <Filter>_libraries\ESP8266WiFi\src\arch</Filter>
    </ClInclude>
    <ClInclude Include="C:\Program Files (x86)\Arduino\hardware\esp8266com\esp8266\libraries\ESP8266WiFi\src\arch\sys_arch.h">
      <Filter>_libraries\ESP8266WiFi\src\arch</Filter>
    </ClInclude>
    <ClInclude Include="C:\Program Files (x86)\Arduino\hardware\esp8266com\esp8266\libraries\ESP8266WiFi\src\include\ClientContext.h">
      <Filter>_libraries\ESP8266WiFi\src\include</Filter>
    </ClInclude>
    <ClInclude Include="C:\Program Files (x86)\Arduino\hardware\esp8266com\esp8266\libraries\ESP8266WiFi\src\include\lwipopts.h">
      <Filter>_libraries\ESP8266WiFi\src\include</Filter>
    </ClInclude>
    <ClInclude Include="C:\Program Files (x86)\Arduino\hardware\esp8266com\esp8266\libraries\ESP8266WiFi\src\include\slist.h">
      <Filter>_libraries\ESP8266WiFi\src\include</Filter>
    </ClInclude>
    <ClInclude Include="C:\Program Files (x86)\Arduino\hardware\esp8266com\esp8266\libraries\ESP8266WiFi\src\include\ssl.h">
      <Filter>_libraries\ESP8266WiFi\src\include</Filter>
    </ClInclude>
    <ClInclude Include="C:\Program Files (x86)\Arduino\hardware\esp8266com\esp8266\libraries\ESP8266WiFi\src\include\UdpContext.h">
      <Filter>_libraries\ESP8266WiFi\src\include</Filter>
    </ClInclude>
    <ClInclude Include="C:\Program Files (x86)\Arduino\hardware\esp8266com\esp8266\libraries\ESP8266WiFi\src\include\wl_definitions.h">
      <Filter>_libraries\ESP8266WiFi\src\include</Filter>
    </ClInclude>
    <ClInclude Include="C:\Program Files (x86)\Arduino\hardware\esp8266com\esp8266\libraries\ESP8266WiFi\src\lwip\api.h">
      <Filter>_libraries\ESP8266WiFi\src\lwip</Filter>
    </ClInclude>
    <ClInclude Include="C:\Program Files (x86)\Arduino\hardware\esp8266com\esp8266\libraries\ESP8266WiFi\src\lwip\api_msg.h">
      <Filter>_libraries\ESP8266WiFi\src\lwip</Filter>
    </ClInclude>
    <ClInclude Include="C:\Program Files (x86)\Arduino\hardware\esp8266com\esp8266\libraries\ESP8266WiFi\src\lwip\arch.h">
      <Filter>_libraries\ESP8266WiFi\src\lwip</Filter>
    </ClInclude>
    <ClInclude Include="C:\Program Files (x86)\Arduino\hardware\esp8266com\esp8266\libraries\ESP8266WiFi\src\lwip\autoip.h">
      <Filter>_libraries\ESP8266WiFi\src\lwip</Filter>
    </ClInclude>
    <ClInclude Include="C:\Program Files (x86)\Arduino\hardware\esp8266com\esp8266\libraries\ESP8266WiFi\src\lwip\debug.h">
      <Filter>_libraries\ESP8266WiFi\src\lwip</Filter>
    </ClInclude>
    <ClInclude Include="C:\Program Files (x86)\Arduino\hardware\esp8266com\esp8266\libraries\ESP8266WiFi\src\lwip\def.h">
      <Filter>_libraries\ESP8266WiFi\src\lwip</Filter>
    </ClInclude>
    <ClInclude Include="C:\Program Files (x86)\Arduino\hardware\esp8266com\esp8266\libraries\ESP8266WiFi\src\lwip\dhcp.h">
      <Filter>_libraries\ESP8266WiFi\src\lwip</Filter>
    </ClInclude>
    <ClInclude Include="C:\Program Files (x86)\Arduino\hardware\esp8266com\esp8266\libraries\ESP8266WiFi\src\lwip\dns.h">
      <Filter>_libraries\ESP8266WiFi\src\lwip</Filter>
    </ClInclude>
    <ClInclude Include="C:\Program Files (x86)\Arduino\hardware\esp8266com\esp8266\libraries\ESP8266WiFi\src\lwip\err.h">
      <Filter>_libraries\ESP8266WiFi\src\lwip</Filter>
    </ClInclude>
    <ClInclude Include="C:\Program Files (x86)\Arduino\hardware\esp8266com\esp8266\libraries\ESP8266WiFi\src\lwip\icmp.h">
      <Filter>_libraries\ESP8266WiFi\src\lwip</Filter>
    </ClInclude>
    <ClInclude Include="C:\Program Files (x86)\Arduino\hardware\esp8266com\esp8266\libraries\ESP8266WiFi\src\lwip\igmp.h">
      <Filter>_libraries\ESP8266WiFi\src\lwip</Filter>
    </ClInclude>
    <ClInclude Include="C:\Program Files (x86)\Arduino\hardware\esp8266com\esp8266\libraries\ESP8266WiFi\src\lwip\inet.h">
      <Filter>_libraries\ESP8266WiFi\src\lwip</Filter>
    </ClInclude>
    <ClInclude Include="C:\Program Files (x86)\Arduino\hardware\esp8266com\esp8266\libraries\ESP8266WiFi\src\lwip\inet_chksum.h">
      <Filter>_libraries\ESP8266WiFi\src\lwip</Filter>
    </ClInclude>
    <ClInclude Include="C:\Program Files (x86)\Arduino\hardware\esp8266com\esp8266\libraries\ESP8266WiFi\src\lwip\init.h">
      <Filter>_libraries\ESP8266WiFi\src\lwip</Filter>
    </ClInclude>
    <ClInclude Include="C:\Program Files (x86)\Arduino\hardware\esp8266com\esp8266\libraries\ESP8266WiFi\src\lwip\ip.h">
      <Filter>_libraries\ESP8266WiFi\src\lwip</Filter>
    </ClInclude>
    <ClInclude Include="C:\Program Files (x86)\Arduino\hardware\esp8266com\esp8266\libraries\ESP8266WiFi\src\lwip\ip_addr.h">
      <Filter>_libraries\ESP8266WiFi\src\lwip</Filter>
    </ClInclude>
    <ClInclude Include="C:\Program Files (x86)\Arduino\hardware\esp8266com\esp8266\libraries\ESP8266WiFi\src\lwip\ip_frag.h">
      <Filter>_libraries\ESP8266WiFi\src\lwip</Filter>
    </ClInclude>
    <ClInclude Include="C:\Program Files (x86)\Arduino\hardware\esp8266com\esp8266\libraries\ESP8266WiFi\src\lwip\mem.h">
      <Filter>_libraries\ESP8266WiFi\src\lwip</Filter>
    </ClInclude>
    <ClInclude Include="C:\Program Files (x86)\Arduino\hardware\esp8266com\esp8266\libraries\ESP8266WiFi\src\lwip\memp.h">
      <Filter>_libraries\ESP8266WiFi\src\lwip</Filter>
    </ClInclude>
    <ClInclude Include="C:\Program Files (x86)\Arduino\hardware\esp8266com\esp8266\libraries\ESP8266WiFi\src\lwip\memp_std.h">
      <Filter>_libraries\ESP8266WiFi\src\lwip</Filter>
    </ClInclude>
    <ClInclude Include="C:\Program Files (x86)\Arduino\hardware\esp8266com\esp8266\libraries\ESP8266WiFi\src\lwip\mem_manager.h">
      <Filter>_libraries\ESP8266WiFi\src\lwip</Filter>
    </ClInclude>
    <ClInclude Include="C:\Program Files (x86)\Arduino\hardware\esp8266com\esp8266\libraries\ESP8266WiFi\src\lwip\netbuf.h">
      <Filter>_libraries\ESP8266WiFi\src\lwip</Filter>
    </ClInclude>
    <ClInclude Include="C:\Program Files (x86)\Arduino\hardware\esp8266com\esp8266\libraries\ESP8266WiFi\src\lwip\netdb.h">
      <Filter>_libraries\ESP8266WiFi\src\lwip</Filter>
    </ClInclude>
    <ClInclude Include="C:\Program Files (x86)\Arduino\hardware\esp8266com\esp8266\libraries\ESP8266WiFi\src\lwip\netif.h">
      <Filter>_libraries\ESP8266WiFi\src\lwip</Filter>
    </ClInclude>
    <ClInclude Include="C:\Program Files (x86)\Arduino\hardware\esp8266com\esp8266\libraries\ESP8266WiFi\src\lwip\netifapi.h">
      <Filter>_libraries\ESP8266WiFi\src\lwip</Filter>
    </ClInclude>
    <ClInclude Include="C:\Program Files (x86)\Arduino\hardware\esp8266com\esp8266\libraries\ESP8266WiFi\src\lwip\opt.h">
      <Filter>_libraries\ESP8266WiFi\src\lwip</Filter>
    </ClInclude>
    <ClInclude Include="C:\Program Files (x86)\Arduino\hardware\esp8266com\esp8266\libraries\ESP8266WiFi\src\lwip\pbuf.h">
      <Filter>_libraries\ESP8266WiFi\src\lwip</Filter>
    </ClInclude>
    <ClInclude Include="C:\Program Files (x86)\Arduino\hardware\esp8266com\esp8266\libraries\ESP8266WiFi\src\lwip\raw.h">
      <Filter>_libraries\ESP8266WiFi\src\lwip</Filter>
    </ClInclude>
    <ClInclude Include="C:\Program Files (x86)\Arduino\hardware\esp8266com\esp8266\libraries\ESP8266WiFi\src\lwip\sio.h">
      <Filter>_libraries\ESP8266WiFi\src\lwip</Filter>
    </ClInclude>
    <ClInclude Include="C:\Program Files (x86)\Arduino\hardware\esp8266com\esp8266\libraries\ESP8266WiFi\src\lwip\snmp.h">
      <Filter>_libraries\ESP8266WiFi\src\lwip</Filter>
    </ClInclude>
    <ClInclude Include="C:\Program Files (x86)\Arduino\hardware\esp8266com\esp8266\libraries\ESP8266WiFi\src\lwip\snmp_asn1.h">
      <Filter>_libraries\ESP8266WiFi\src\lwip</Filter>
    </ClInclude>
    <ClInclude Include="C:\Program Files (x86)\Arduino\hardware\esp8266com\esp8266\libraries\ESP8266WiFi\src\lwip\snmp_msg.h">
      <Filter>_libraries\ESP8266WiFi\src\lwip</Filter>
    </ClInclude>
    <ClInclude Include="C:\Program Files (x86)\Arduino\hardware\esp8266com\esp8266\libraries\ESP8266WiFi\src\lwip\snmp_structs.h">
      <Filter>_libraries\ESP8266WiFi\src\lwip</Filter>
    </ClInclude>
    <ClInclude Include="C:\Program Files (x86)\Arduino\hardware\esp8266com\esp8266\libraries\ESP8266WiFi\src\lwip\sockets.h">
      <Filter>_libraries\ESP8266WiFi\src\lwip</Filter>
    </ClInclude>
    <ClInclude Include="C:\Program Files (x86)\Arduino\hardware\esp8266com\esp8266\libraries\ESP8266WiFi\src\lwip\stats.h">
      <Filter>_libraries\ESP8266WiFi\src\lwip</Filter>
    </ClInclude>
    <ClInclude Include="C:\Program Files (x86)\Arduino\hardware\esp8266com\esp8266\libraries\ESP8266WiFi\src\lwip\sys.h">
      <Filter>_libraries\ESP8266WiFi\src\lwip</Filter>
    </ClInclude>
    <ClInclude Include="C:\Program Files (x86)\Arduino\hardware\esp8266com\esp8266\libraries\ESP8266WiFi\src\lwip\tcp.h">
      <Filter>_libraries\ESP8266WiFi\src\lwip</Filter>
    </ClInclude>
    <ClInclude Include="C:\Program Files (x86)\Arduino\hardware\esp8266com\esp8266\libraries\ESP8266WiFi\src\lwip\tcpip.h">
      <Filter>_libraries\ESP8266WiFi\src\lwip</Filter>
    </ClInclude>
    <ClInclude Include="C:\Program Files (x86)\Arduino\hardware\esp8266com\esp8266\libraries\ESP8266WiFi\src\lwip\tcp_impl.h">
      <Filter>_libraries\ESP8266WiFi\src\lwip</Filter>
    </ClInclude>
    <ClInclude Include="C:\Program Files (x86)\Arduino\hardware\esp8266com\esp8266\libraries\ESP8266WiFi\src\lwip\timers.h">
      <Filter>_libraries\ESP8266WiFi\src\lwip</Filter>
    </ClInclude>
    <ClInclude Include="C:\Program Files (x86)\Arduino\hardware\esp8266com\esp8266\libraries\ESP8266WiFi\src\lwip\udp.h">
      <Filter>_libraries\ESP8266WiFi\src\lwip</Filter>
    </ClInclude>
    <ClInclude Include="C:\Users\Martin_G\Documents\Arduino\libraries\espsoftwareserial-master\SoftwareSerial.h">
      <Filter>_libraries\espsoftwareserial-master</Filter>
    </ClInclude>
    <ClInclude Include="C:\Users\Martin_G\Documents\Arduino\libraries\NTPClient\src\NtpClientLib.h">
      <Filter>_libraries\NTPClient\src</Filter>
    </ClInclude>
    <ClInclude Include="C:\Program Files (x86)\Arduino\hardware\esp8266com\esp8266\libraries\Ticker\Ticker.h">
      <Filter>_libraries\Ticker</Filter>
    </ClInclude>
    <ClInclude Include="C:\Users\Martin_G\Documents\Arduino\libraries\TimeAlarms\TimeAlarms.h">
      <Filter>_libraries\TimeAlarms</Filter>
    </ClInclude>
  </ItemGroup>
  <ItemGroup>
    <ClCompile Include="helpers.cpp">
      <Filter>Source Files</Filter>
    </ClCompile>
    <ClCompile Include="src\_micro-api\libraries\CCostLib\src\CCostLib.cpp">
      <Filter>Source Files</Filter>
    </ClCompile>
    <ClCompile Include="global.cpp">
      <Filter>Source Files</Filter>
    </ClCompile>
    <ClCompile Include="C:\Program Files (x86)\Arduino\hardware\esp8266com\esp8266\cores\esp8266\abi.cpp">
      <Filter>_core</Filter>
    </ClCompile>
    <ClCompile Include="C:\Program Files (x86)\Arduino\hardware\esp8266com\esp8266\cores\esp8266\base64.cpp">
      <Filter>_core</Filter>
    </ClCompile>
    <ClCompile Include="C:\Program Files (x86)\Arduino\hardware\esp8266com\esp8266\cores\esp8266\cbuf.cpp">
      <Filter>_core</Filter>
    </ClCompile>
    <ClCompile Include="C:\Program Files (x86)\Arduino\hardware\esp8266com\esp8266\cores\esp8266\cont_util.c">
      <Filter>_core</Filter>
    </ClCompile>
    <ClCompile Include="C:\Program Files (x86)\Arduino\hardware\esp8266com\esp8266\cores\esp8266\core_esp8266_eboot_command.c">
      <Filter>_core</Filter>
    </ClCompile>
    <ClCompile Include="C:\Program Files (x86)\Arduino\hardware\esp8266com\esp8266\cores\esp8266\core_esp8266_flash_utils.c">
      <Filter>_core</Filter>
    </ClCompile>
    <ClCompile Include="C:\Program Files (x86)\Arduino\hardware\esp8266com\esp8266\cores\esp8266\core_esp8266_i2s.c">
      <Filter>_core</Filter>
    </ClCompile>
    <ClCompile Include="C:\Program Files (x86)\Arduino\hardware\esp8266com\esp8266\cores\esp8266\core_esp8266_main.cpp">
      <Filter>_core</Filter>
    </ClCompile>
    <ClCompile Include="C:\Program Files (x86)\Arduino\hardware\esp8266com\esp8266\cores\esp8266\core_esp8266_noniso.c">
      <Filter>_core</Filter>
    </ClCompile>
    <ClCompile Include="C:\Program Files (x86)\Arduino\hardware\esp8266com\esp8266\cores\esp8266\core_esp8266_phy.c">
      <Filter>_core</Filter>
    </ClCompile>
    <ClCompile Include="C:\Program Files (x86)\Arduino\hardware\esp8266com\esp8266\cores\esp8266\core_esp8266_postmortem.c">
      <Filter>_core</Filter>
    </ClCompile>
    <ClCompile Include="C:\Program Files (x86)\Arduino\hardware\esp8266com\esp8266\cores\esp8266\core_esp8266_si2c.c">
      <Filter>_core</Filter>
    </ClCompile>
    <ClCompile Include="C:\Program Files (x86)\Arduino\hardware\esp8266com\esp8266\cores\esp8266\core_esp8266_timer.c">
      <Filter>_core</Filter>
    </ClCompile>
    <ClCompile Include="C:\Program Files (x86)\Arduino\hardware\esp8266com\esp8266\cores\esp8266\core_esp8266_wiring.c">
      <Filter>_core</Filter>
    </ClCompile>
    <ClCompile Include="C:\Program Files (x86)\Arduino\hardware\esp8266com\esp8266\cores\esp8266\core_esp8266_wiring_analog.c">
      <Filter>_core</Filter>
    </ClCompile>
    <ClCompile Include="C:\Program Files (x86)\Arduino\hardware\esp8266com\esp8266\cores\esp8266\core_esp8266_wiring_digital.c">
      <Filter>_core</Filter>
    </ClCompile>
    <ClCompile Include="C:\Program Files (x86)\Arduino\hardware\esp8266com\esp8266\cores\esp8266\core_esp8266_wiring_pulse.c">
      <Filter>_core</Filter>
    </ClCompile>
    <ClCompile Include="C:\Program Files (x86)\Arduino\hardware\esp8266com\esp8266\cores\esp8266\core_esp8266_wiring_pwm.c">
      <Filter>_core</Filter>
    </ClCompile>
    <ClCompile Include="C:\Program Files (x86)\Arduino\hardware\esp8266com\esp8266\cores\esp8266\core_esp8266_wiring_shift.c">
      <Filter>_core</Filter>
    </ClCompile>
    <ClCompile Include="C:\Program Files (x86)\Arduino\hardware\esp8266com\esp8266\cores\esp8266\debug.cpp">
      <Filter>_core</Filter>
    </ClCompile>
    <ClCompile Include="C:\Program Files (x86)\Arduino\hardware\esp8266com\esp8266\cores\esp8266\Esp.cpp">
      <Filter>_core</Filter>
    </ClCompile>
    <ClCompile Include="C:\Program Files (x86)\Arduino\hardware\esp8266com\esp8266\cores\esp8266\FS.cpp">
      <Filter>_core</Filter>
    </ClCompile>
    <ClCompile Include="C:\Program Files (x86)\Arduino\hardware\esp8266com\esp8266\cores\esp8266\HardwareSerial.cpp">
      <Filter>_core</Filter>
    </ClCompile>
    <ClCompile Include="C:\Program Files (x86)\Arduino\hardware\esp8266com\esp8266\cores\esp8266\IPAddress.cpp">
      <Filter>_core</Filter>
    </ClCompile>
    <ClCompile Include="C:\Program Files (x86)\Arduino\hardware\esp8266com\esp8266\cores\esp8266\libc_replacements.c">
      <Filter>_core</Filter>
    </ClCompile>
    <ClCompile Include="C:\Program Files (x86)\Arduino\hardware\esp8266com\esp8266\cores\esp8266\MD5Builder.cpp">
      <Filter>_core</Filter>
    </ClCompile>
    <ClCompile Include="C:\Program Files (x86)\Arduino\hardware\esp8266com\esp8266\cores\esp8266\pgmspace.cpp">
      <Filter>_core</Filter>
    </ClCompile>
    <ClCompile Include="C:\Program Files (x86)\Arduino\hardware\esp8266com\esp8266\cores\esp8266\Print.cpp">
      <Filter>_core</Filter>
    </ClCompile>
    <ClCompile Include="C:\Program Files (x86)\Arduino\hardware\esp8266com\esp8266\cores\esp8266\spiffs_api.cpp">
      <Filter>_core</Filter>
    </ClCompile>
    <ClCompile Include="C:\Program Files (x86)\Arduino\hardware\esp8266com\esp8266\cores\esp8266\spiffs_hal.cpp">
      <Filter>_core</Filter>
    </ClCompile>
    <ClCompile Include="C:\Program Files (x86)\Arduino\hardware\esp8266com\esp8266\cores\esp8266\Stream.cpp">
      <Filter>_core</Filter>
    </ClCompile>
    <ClCompile Include="C:\Program Files (x86)\Arduino\hardware\esp8266com\esp8266\cores\esp8266\StreamString.cpp">
      <Filter>_core</Filter>
    </ClCompile>
    <ClCompile Include="C:\Program Files (x86)\Arduino\hardware\esp8266com\esp8266\cores\esp8266\time.c">
      <Filter>_core</Filter>
    </ClCompile>
    <ClCompile Include="C:\Program Files (x86)\Arduino\hardware\esp8266com\esp8266\cores\esp8266\Tone.cpp">
      <Filter>_core</Filter>
    </ClCompile>
    <ClCompile Include="C:\Program Files (x86)\Arduino\hardware\esp8266com\esp8266\cores\esp8266\Updater.cpp">
      <Filter>_core</Filter>
    </ClCompile>
    <ClCompile Include="C:\Program Files (x86)\Arduino\hardware\esp8266com\esp8266\cores\esp8266\WMath.cpp">
      <Filter>_core</Filter>
    </ClCompile>
    <ClCompile Include="C:\Program Files (x86)\Arduino\hardware\esp8266com\esp8266\cores\esp8266\WString.cpp">
      <Filter>_core</Filter>
    </ClCompile>
    <ClCompile Include="C:\Program Files (x86)\Arduino\hardware\esp8266com\esp8266\cores\esp8266\libb64\cdecode.c">
      <Filter>_core\libb64</Filter>
    </ClCompile>
    <ClCompile Include="C:\Program Files (x86)\Arduino\hardware\esp8266com\esp8266\cores\esp8266\libb64\cencode.c">
      <Filter>_core\libb64</Filter>
    </ClCompile>
    <ClCompile Include="C:\Program Files (x86)\Arduino\hardware\esp8266com\esp8266\cores\esp8266\spiffs\spiffs_cache.c">
      <Filter>_core\spiffs</Filter>
    </ClCompile>
    <ClCompile Include="C:\Program Files (x86)\Arduino\hardware\esp8266com\esp8266\cores\esp8266\spiffs\spiffs_check.c">
      <Filter>_core\spiffs</Filter>
    </ClCompile>
    <ClCompile Include="C:\Program Files (x86)\Arduino\hardware\esp8266com\esp8266\cores\esp8266\spiffs\spiffs_gc.c">
      <Filter>_core\spiffs</Filter>
    </ClCompile>
    <ClCompile Include="C:\Program Files (x86)\Arduino\hardware\esp8266com\esp8266\cores\esp8266\spiffs\spiffs_hydrogen.c">
      <Filter>_core\spiffs</Filter>
    </ClCompile>
    <ClCompile Include="C:\Program Files (x86)\Arduino\hardware\esp8266com\esp8266\cores\esp8266\spiffs\spiffs_nucleus.c">
      <Filter>_core\spiffs</Filter>
    </ClCompile>
    <ClCompile Include="C:\Users\Martin_G\Documents\Arduino\libraries\arduino_148026\DateStrings.cpp">
      <Filter>_libraries\arduino_148026</Filter>
    </ClCompile>
    <ClCompile Include="C:\Users\Martin_G\Documents\Arduino\libraries\arduino_148026\Time2.cpp">
      <Filter>_libraries\arduino_148026</Filter>
    </ClCompile>
    <ClCompile Include="C:\Users\Martin_G\Documents\Arduino\libraries\ArduinoJson\src\JsonArray.cpp">
      <Filter>_libraries\ArduinoJson\src</Filter>
    </ClCompile>
    <ClCompile Include="C:\Users\Martin_G\Documents\Arduino\libraries\ArduinoJson\src\JsonBuffer.cpp">
      <Filter>_libraries\ArduinoJson\src</Filter>
    </ClCompile>
    <ClCompile Include="C:\Users\Martin_G\Documents\Arduino\libraries\ArduinoJson\src\JsonObject.cpp">
      <Filter>_libraries\ArduinoJson\src</Filter>
    </ClCompile>
    <ClCompile Include="C:\Users\Martin_G\Documents\Arduino\libraries\ArduinoJson\src\JsonVariant.cpp">
      <Filter>_libraries\ArduinoJson\src</Filter>
    </ClCompile>
    <ClCompile Include="C:\Users\Martin_G\Documents\Arduino\libraries\ArduinoJson\src\Arduino\Print.cpp">
      <Filter>_libraries\ArduinoJson\src\Arduino</Filter>
    </ClCompile>
    <ClCompile Include="C:\Users\Martin_G\Documents\Arduino\libraries\ArduinoJson\src\Internals\Comments.cpp">
      <Filter>_libraries\ArduinoJson\src\Internals</Filter>
    </ClCompile>
    <ClCompile Include="C:\Users\Martin_G\Documents\Arduino\libraries\ArduinoJson\src\Internals\Encoding.cpp">
      <Filter>_libraries\ArduinoJson\src\Internals</Filter>
    </ClCompile>
    <ClCompile Include="C:\Users\Martin_G\Documents\Arduino\libraries\ArduinoJson\src\Internals\IndentedPrint.cpp">
      <Filter>_libraries\ArduinoJson\src\Internals</Filter>
    </ClCompile>
    <ClCompile Include="C:\Users\Martin_G\Documents\Arduino\libraries\ArduinoJson\src\Internals\JsonParser.cpp">
      <Filter>_libraries\ArduinoJson\src\Internals</Filter>
    </ClCompile>
    <ClCompile Include="C:\Users\Martin_G\Documents\Arduino\libraries\ArduinoJson\src\Internals\List.cpp">
      <Filter>_libraries\ArduinoJson\src\Internals</Filter>
    </ClCompile>
    <ClCompile Include="C:\Users\Martin_G\Documents\Arduino\libraries\ArduinoJson\src\Internals\Prettyfier.cpp">
      <Filter>_libraries\ArduinoJson\src\Internals</Filter>
    </ClCompile>
    <ClCompile Include="C:\Users\Martin_G\Documents\Arduino\libraries\ArduinoJson\src\Internals\StaticStringBuilder.cpp">
      <Filter>_libraries\ArduinoJson\src\Internals</Filter>
    </ClCompile>
    <ClCompile Include="C:\Program Files (x86)\Arduino\hardware\esp8266com\esp8266\libraries\ESP8266WebServer\src\ESP8266WebServer.cpp">
      <Filter>_libraries\ESP8266WebServer\src</Filter>
    </ClCompile>
    <ClCompile Include="C:\Program Files (x86)\Arduino\hardware\esp8266com\esp8266\libraries\ESP8266WebServer\src\Parsing.cpp">
      <Filter>_libraries\ESP8266WebServer\src</Filter>
    </ClCompile>
    <ClCompile Include="C:\Program Files (x86)\Arduino\hardware\esp8266com\esp8266\libraries\ESP8266WiFi\src\ESP8266WiFi.cpp">
      <Filter>_libraries\ESP8266WiFi\src</Filter>
    </ClCompile>
    <ClCompile Include="C:\Program Files (x86)\Arduino\hardware\esp8266com\esp8266\libraries\ESP8266WiFi\src\ESP8266WiFiAP.cpp">
      <Filter>_libraries\ESP8266WiFi\src</Filter>
    </ClCompile>
    <ClCompile Include="C:\Program Files (x86)\Arduino\hardware\esp8266com\esp8266\libraries\ESP8266WiFi\src\ESP8266WiFiGeneric.cpp">
      <Filter>_libraries\ESP8266WiFi\src</Filter>
    </ClCompile>
    <ClCompile Include="C:\Program Files (x86)\Arduino\hardware\esp8266com\esp8266\libraries\ESP8266WiFi\src\ESP8266WiFiMulti.cpp">
      <Filter>_libraries\ESP8266WiFi\src</Filter>
    </ClCompile>
    <ClCompile Include="C:\Program Files (x86)\Arduino\hardware\esp8266com\esp8266\libraries\ESP8266WiFi\src\ESP8266WiFiScan.cpp">
      <Filter>_libraries\ESP8266WiFi\src</Filter>
    </ClCompile>
    <ClCompile Include="C:\Program Files (x86)\Arduino\hardware\esp8266com\esp8266\libraries\ESP8266WiFi\src\ESP8266WiFiSTA.cpp">
      <Filter>_libraries\ESP8266WiFi\src</Filter>
    </ClCompile>
    <ClCompile Include="C:\Program Files (x86)\Arduino\hardware\esp8266com\esp8266\libraries\ESP8266WiFi\src\WiFiClient.cpp">
      <Filter>_libraries\ESP8266WiFi\src</Filter>
    </ClCompile>
    <ClCompile Include="C:\Program Files (x86)\Arduino\hardware\esp8266com\esp8266\libraries\ESP8266WiFi\src\WiFiClientSecure.cpp">
      <Filter>_libraries\ESP8266WiFi\src</Filter>
    </ClCompile>
    <ClCompile Include="C:\Program Files (x86)\Arduino\hardware\esp8266com\esp8266\libraries\ESP8266WiFi\src\WiFiServer.cpp">
      <Filter>_libraries\ESP8266WiFi\src</Filter>
    </ClCompile>
    <ClCompile Include="C:\Program Files (x86)\Arduino\hardware\esp8266com\esp8266\libraries\ESP8266WiFi\src\WiFiUdp.cpp">
      <Filter>_libraries\ESP8266WiFi\src</Filter>
    </ClCompile>
    <ClCompile Include="C:\Users\Martin_G\Documents\Arduino\libraries\espsoftwareserial-master\SoftwareSerial.cpp">
      <Filter>_libraries\espsoftwareserial-master</Filter>
    </ClCompile>
    <ClCompile Include="C:\Users\Martin_G\Documents\Arduino\libraries\NTPClient\src\NtpClientLib.cpp">
      <Filter>_libraries\NTPClient\src</Filter>
    </ClCompile>
    <ClCompile Include="C:\Program Files (x86)\Arduino\hardware\esp8266com\esp8266\libraries\Ticker\Ticker.cpp">
      <Filter>_libraries\Ticker</Filter>
    </ClCompile>
    <ClCompile Include="C:\Users\Martin_G\Documents\Arduino\libraries\TimeAlarms\TimeAlarms.cpp">
      <Filter>_libraries\TimeAlarms</Filter>
    </ClCompile>
  </ItemGroup>
</Project>